Microsoft Visual Studio Solution File, Format Version 9.00
# Visual Studio 2005
Project("{8BC9CEB8-8B4A-11D0-8D11-00A0C91BC942}") = "bmatrix", "bmatrix.vcproj", "{5F30815E-D10A-4E65-B8B6-64770EB134E6}"
	ProjectSection(ProjectDependencies) = postProject
		{787E0339-BD79-4C80-914C-84FBDF54D2DF} = {787E0339-BD79-4C80-914C-84FBDF54D2DF}
	EndProjectSection
EndProject
Project("{8BC9CEB8-8B4A-11D0-8D11-00A0C91BC942}") = "libEdb", "libEdb.vcproj", "{787E0339-BD79-4C80-914C-84FBDF54D2DF}"
EndProject
Project("{8BC9CEB8-8B4A-11D0-8D11-00A0C91BC942}") = "libEdd", "libEdd.vcproj", "{E78D63BD-9E21-4AD6-915D-6BDA202F9F9E}"
	ProjectSection(ProjectDependencies) = postProject
		{8A51EAF8-C292-4F49-8180-C20CA552B98D} = {8A51EAF8-C292-4F49-8180-C20CA552B98D}
		{0527083D-B335-443C-9502-CB876BAC95A1} = {0527083D-B335-443C-9502-CB876BAC95A1}
	EndProjectSection
EndProject
Project("{8BC9CEB8-8B4A-11D0-8D11-00A0C91BC942}") = "libEdr", "libEdr.vcproj", "{2AFF0E65-856E-4A55-998A-A564942F6FDA}"
	ProjectSection(ProjectDependencies) = postProject
		{8A51EAF8-C292-4F49-8180-C20CA552B98D} = {8A51EAF8-C292-4F49-8180-C20CA552B98D}
		{C73A8AA8-0AF2-4478-AA3A-84F1D2F054B4} = {C73A8AA8-0AF2-4478-AA3A-84F1D2F054B4}
		{0527083D-B335-443C-9502-CB876BAC95A1} = {0527083D-B335-443C-9502-CB876BAC95A1}
		{787E0339-BD79-4C80-914C-84FBDF54D2DF} = {787E0339-BD79-4C80-914C-84FBDF54D2DF}
	EndProjectSection
EndProject
Project("{8BC9CEB8-8B4A-11D0-8D11-00A0C91BC942}") = "libEGA", "libEGA.vcproj", "{58C5119D-50A4-4B9B-9EAD-D16BD97B08C8}"
	ProjectSection(ProjectDependencies) = postProject
		{8A51EAF8-C292-4F49-8180-C20CA552B98D} = {8A51EAF8-C292-4F49-8180-C20CA552B98D}
		{787E0339-BD79-4C80-914C-84FBDF54D2DF} = {787E0339-BD79-4C80-914C-84FBDF54D2DF}
	EndProjectSection
EndProject
Project("{8BC9CEB8-8B4A-11D0-8D11-00A0C91BC942}") = "libEIO", "libEIO.vcproj", "{C4BFA40A-6311-4899-B48E-F17C1769ED0A}"
	ProjectSection(ProjectDependencies) = postProject
		{8A51EAF8-C292-4F49-8180-C20CA552B98D} = {8A51EAF8-C292-4F49-8180-C20CA552B98D}
		{2AFF0E65-856E-4A55-998A-A564942F6FDA} = {2AFF0E65-856E-4A55-998A-A564942F6FDA}
		{787E0339-BD79-4C80-914C-84FBDF54D2DF} = {787E0339-BD79-4C80-914C-84FBDF54D2DF}
	EndProjectSection
EndProject
Project("{8BC9CEB8-8B4A-11D0-8D11-00A0C91BC942}") = "libEmath", "libEmath.vcproj", "{8A51EAF8-C292-4F49-8180-C20CA552B98D}"
EndProject
Project("{8BC9CEB8-8B4A-11D0-8D11-00A0C91BC942}") = "libEMC", "libEMC.vcproj", "{55C1B4C4-4188-4694-B441-A7BB73435897}"
	ProjectSection(ProjectDependencies) = postProject
		{C73A8AA8-0AF2-4478-AA3A-84F1D2F054B4} = {C73A8AA8-0AF2-4478-AA3A-84F1D2F054B4}
		{2AFF0E65-856E-4A55-998A-A564942F6FDA} = {2AFF0E65-856E-4A55-998A-A564942F6FDA}
		{787E0339-BD79-4C80-914C-84FBDF54D2DF} = {787E0339-BD79-4C80-914C-84FBDF54D2DF}
	EndProjectSection
EndProject
Project("{8BC9CEB8-8B4A-11D0-8D11-00A0C91BC942}") = "libEphys", "libEphys.vcproj", "{C73A8AA8-0AF2-4478-AA3A-84F1D2F054B4}"
EndProject
Project("{8BC9CEB8-8B4A-11D0-8D11-00A0C91BC942}") = "libVt++", "libVt++.vcproj", "{0527083D-B335-443C-9502-CB876BAC95A1}"
EndProject
Project("{8BC9CEB8-8B4A-11D0-8D11-00A0C91BC942}") = "recset", "recset.vcproj", "{F3C74FDC-A5BF-4F05-90D8-CB07C1182327}"
	ProjectSection(ProjectDependencies) = postProject
		{C4BFA40A-6311-4899-B48E-F17C1769ED0A} = {C4BFA40A-6311-4899-B48E-F17C1769ED0A}
	EndProjectSection
EndProject
Project("{8BC9CEB8-8B4A-11D0-8D11-00A0C91BC942}") = "rwc2edb", "rwc2edb.vcproj", "{5AB5F301-21B3-4774-A560-43EDCB23094D}"
	ProjectSection(ProjectDependencies) = postProject
		{8D7BD054-0D59-472D-9C9A-60FEA1351893} = {8D7BD054-0D59-472D-9C9A-60FEA1351893}
		{787E0339-BD79-4C80-914C-84FBDF54D2DF} = {787E0339-BD79-4C80-914C-84FBDF54D2DF}
	EndProjectSection
EndProject
Project("{8BC9CEB8-8B4A-11D0-8D11-00A0C91BC942}") = "libEOracle", "libEOracle.vcproj", "{1A51EAF8-C292-4F49-8180-C20CA552B98D}"
	ProjectSection(ProjectDependencies) = postProject
		{2AFF0E65-856E-4A55-998A-A564942F6FDA} = {2AFF0E65-856E-4A55-998A-A564942F6FDA}
	EndProjectSection
EndProject
Project("{8BC9CEB8-8B4A-11D0-8D11-00A0C91BC942}") = "libDataConversion", "libdataconversion.vcproj", "{8D7BD054-0D59-472D-9C9A-60FEA1351893}"
EndProject
Project("{8BC9CEB8-8B4A-11D0-8D11-00A0C91BC942}") = "libACQ", "libACQ.vcproj", "{CFCA6C86-B5B9-465A-9F32-72C42F37134D}"
EndProject
Project("{8BC9CEB8-8B4A-11D0-8D11-00A0C91BC942}") = "libScan", "libScan.vcproj", "{EB404908-0A20-4D1D-8ECB-C3028E1B0599}"
	ProjectSection(ProjectDependencies) = postProject
		{C4BFA40A-6311-4899-B48E-F17C1769ED0A} = {C4BFA40A-6311-4899-B48E-F17C1769ED0A}
		{4C11DDA7-0A4D-4DF2-A645-83D9A981F411} = {4C11DDA7-0A4D-4DF2-A645-83D9A981F411}
		{8A51EAF8-C292-4F49-8180-C20CA552B98D} = {8A51EAF8-C292-4F49-8180-C20CA552B98D}
		{55C1B4C4-4188-4694-B441-A7BB73435897} = {55C1B4C4-4188-4694-B441-A7BB73435897}
		{2AFF0E65-856E-4A55-998A-A564942F6FDA} = {2AFF0E65-856E-4A55-998A-A564942F6FDA}
		{8D7BD054-0D59-472D-9C9A-60FEA1351893} = {8D7BD054-0D59-472D-9C9A-60FEA1351893}
		{0527083D-B335-443C-9502-CB876BAC95A1} = {0527083D-B335-443C-9502-CB876BAC95A1}
		{787E0339-BD79-4C80-914C-84FBDF54D2DF} = {787E0339-BD79-4C80-914C-84FBDF54D2DF}
	EndProjectSection
EndProject
Project("{8BC9CEB8-8B4A-11D0-8D11-00A0C91BC942}") = "libShower", "libShower.vcproj", "{61100955-376C-431B-88D0-0EF3744451F1}"
	ProjectSection(ProjectDependencies) = postProject
		{8A51EAF8-C292-4F49-8180-C20CA552B98D} = {8A51EAF8-C292-4F49-8180-C20CA552B98D}
		{2AFF0E65-856E-4A55-998A-A564942F6FDA} = {2AFF0E65-856E-4A55-998A-A564942F6FDA}
		{0527083D-B335-443C-9502-CB876BAC95A1} = {0527083D-B335-443C-9502-CB876BAC95A1}
		{787E0339-BD79-4C80-914C-84FBDF54D2DF} = {787E0339-BD79-4C80-914C-84FBDF54D2DF}
		{C4BFA40A-6311-4899-B48E-F17C1769ED0A} = {C4BFA40A-6311-4899-B48E-F17C1769ED0A}
	EndProjectSection
EndProject
Project("{2150E333-8FDC-42A3-9474-1A3956D46DE8}") = "Solution Items", "Solution Items", "{00DE5E01-7B2D-4FED-8C95-0A692D14273E}"
	ProjectSection(SolutionItems) = preProject
		..\..\src\appl\macros\check_cp.C = ..\..\src\appl\macros\check_cp.C
		..\..\src\appl\macros\check_raw.C = ..\..\src\appl\macros\check_raw.C
		..\..\src\appl\macros\check_tr.C = ..\..\src\appl\macros\check_tr.C
		..\..\src\appl\macros\check_vertex.C = ..\..\src\appl\macros\check_vertex.C
		..\..\src\appl\macros\craw.C = ..\..\src\appl\macros\craw.C
		..\..\src\appl\macros\distor.C = ..\..\src\appl\macros\distor.C
		..\..\src\appl\macros\fedra.rootrc = ..\..\src\appl\macros\fedra.rootrc
		..\..\install.cmd = ..\..\install.cmd
		..\..\src\makeall.cmd = ..\..\src\makeall.cmd
		..\..\src\appl\macros\makepar.C = ..\..\src\appl\macros\makepar.C
		..\..\src\config\RootDef.windows.mk = ..\..\src\config\RootDef.windows.mk
		..\..\src\appl\macros\rootlogon.C = ..\..\src\appl\macros\rootlogon.C
		..\..\src\config\TargetsDef.windows.mk = ..\..\src\config\TargetsDef.windows.mk
		..\..\src\appl\macros\test_oracle.C = ..\..\src\appl\macros\test_oracle.C
		..\..\src\appl\macros\traceback.C = ..\..\src\appl\macros\traceback.C
		..\..\uninstall.cmd = ..\..\uninstall.cmd
	EndProjectSection
EndProject
Project("{8BC9CEB8-8B4A-11D0-8D11-00A0C91BC942}") = "display", "display.vcproj", "{5BC2FD27-9867-4BB5-A974-AD617F6DE4BA}"
EndProject
Project("{8BC9CEB8-8B4A-11D0-8D11-00A0C91BC942}") = "libEGraphTool", "libEGraphTool.vcproj", "{3F367432-3C18-45E4-90ED-21249540C406}"
EndProject
Project("{8BC9CEB8-8B4A-11D0-8D11-00A0C91BC942}") = "libEmr", "libEmr.vcproj", "{E04D07EA-649A-4F98-A49E-3263D461A0C4}"
EndProject
Project("{8BC9CEB8-8B4A-11D0-8D11-00A0C91BC942}") = "o2root", "o2root.vcproj", "{28E239F6-0A11-4987-823A-09AC90162AF8}"
EndProject
Project("{8BC9CEB8-8B4A-11D0-8D11-00A0C91BC942}") = "macros", "macros.vcproj", "{FA3A031D-3978-4ACA-99B9-8A550B26E15F}"
EndProject
Project("{8BC9CEB8-8B4A-11D0-8D11-00A0C91BC942}") = "libAlignment", "libAlignment.vcproj", "{4C11DDA7-0A4D-4DF2-A645-83D9A981F411}"
	ProjectSection(ProjectDependencies) = postProject
		{8A51EAF8-C292-4F49-8180-C20CA552B98D} = {8A51EAF8-C292-4F49-8180-C20CA552B98D}
		{55C1B4C4-4188-4694-B441-A7BB73435897} = {55C1B4C4-4188-4694-B441-A7BB73435897}
		{2AFF0E65-856E-4A55-998A-A564942F6FDA} = {2AFF0E65-856E-4A55-998A-A564942F6FDA}
		{8D7BD054-0D59-472D-9C9A-60FEA1351893} = {8D7BD054-0D59-472D-9C9A-60FEA1351893}
		{0527083D-B335-443C-9502-CB876BAC95A1} = {0527083D-B335-443C-9502-CB876BAC95A1}
		{787E0339-BD79-4C80-914C-84FBDF54D2DF} = {787E0339-BD79-4C80-914C-84FBDF54D2DF}
		{C4BFA40A-6311-4899-B48E-F17C1769ED0A} = {C4BFA40A-6311-4899-B48E-F17C1769ED0A}
	EndProjectSection
EndProject
Project("{8BC9CEB8-8B4A-11D0-8D11-00A0C91BC942}") = "comptonmap", "comptonmap.vcproj", "{72FC5573-E850-40FE-823B-4039BB1F78D0}"
	ProjectSection(ProjectDependencies) = postProject
		{EB404908-0A20-4D1D-8ECB-C3028E1B0599} = {EB404908-0A20-4D1D-8ECB-C3028E1B0599}
		{C4BFA40A-6311-4899-B48E-F17C1769ED0A} = {C4BFA40A-6311-4899-B48E-F17C1769ED0A}
		{787E0339-BD79-4C80-914C-84FBDF54D2DF} = {787E0339-BD79-4C80-914C-84FBDF54D2DF}
		{0527083D-B335-443C-9502-CB876BAC95A1} = {0527083D-B335-443C-9502-CB876BAC95A1}
		{8D7BD054-0D59-472D-9C9A-60FEA1351893} = {8D7BD054-0D59-472D-9C9A-60FEA1351893}
		{2AFF0E65-856E-4A55-998A-A564942F6FDA} = {2AFF0E65-856E-4A55-998A-A564942F6FDA}
		{4C11DDA7-0A4D-4DF2-A645-83D9A981F411} = {4C11DDA7-0A4D-4DF2-A645-83D9A981F411}
		{C73A8AA8-0AF2-4478-AA3A-84F1D2F054B4} = {C73A8AA8-0AF2-4478-AA3A-84F1D2F054B4}
		{55C1B4C4-4188-4694-B441-A7BB73435897} = {55C1B4C4-4188-4694-B441-A7BB73435897}
		{8A51EAF8-C292-4F49-8180-C20CA552B98D} = {8A51EAF8-C292-4F49-8180-C20CA552B98D}
	EndProjectSection
EndProject
Global
	GlobalSection(SolutionConfigurationPlatforms) = preSolution
		Debug|Win32 = Debug|Win32
		Release|Win32 = Release|Win32
	EndGlobalSection
	GlobalSection(ProjectConfigurationPlatforms) = postSolution
		{5F30815E-D10A-4E65-B8B6-64770EB134E6}.Debug|Win32.ActiveCfg = Debug|Win32
		{5F30815E-D10A-4E65-B8B6-64770EB134E6}.Debug|Win32.Build.0 = Debug|Win32
		{5F30815E-D10A-4E65-B8B6-64770EB134E6}.Release|Win32.ActiveCfg = Release|Win32
		{5F30815E-D10A-4E65-B8B6-64770EB134E6}.Release|Win32.Build.0 = Release|Win32
		{787E0339-BD79-4C80-914C-84FBDF54D2DF}.Debug|Win32.ActiveCfg = Debug|Win32
		{787E0339-BD79-4C80-914C-84FBDF54D2DF}.Debug|Win32.Build.0 = Debug|Win32
		{787E0339-BD79-4C80-914C-84FBDF54D2DF}.Release|Win32.ActiveCfg = Release|Win32
		{787E0339-BD79-4C80-914C-84FBDF54D2DF}.Release|Win32.Build.0 = Release|Win32
		{E78D63BD-9E21-4AD6-915D-6BDA202F9F9E}.Debug|Win32.ActiveCfg = Debug|Win32
		{E78D63BD-9E21-4AD6-915D-6BDA202F9F9E}.Debug|Win32.Build.0 = Debug|Win32
		{E78D63BD-9E21-4AD6-915D-6BDA202F9F9E}.Release|Win32.ActiveCfg = Release|Win32
		{E78D63BD-9E21-4AD6-915D-6BDA202F9F9E}.Release|Win32.Build.0 = Release|Win32
		{2AFF0E65-856E-4A55-998A-A564942F6FDA}.Debug|Win32.ActiveCfg = Debug|Win32
		{2AFF0E65-856E-4A55-998A-A564942F6FDA}.Debug|Win32.Build.0 = Debug|Win32
		{2AFF0E65-856E-4A55-998A-A564942F6FDA}.Release|Win32.ActiveCfg = Release|Win32
		{2AFF0E65-856E-4A55-998A-A564942F6FDA}.Release|Win32.Build.0 = Release|Win32
		{58C5119D-50A4-4B9B-9EAD-D16BD97B08C8}.Debug|Win32.ActiveCfg = Debug|Win32
		{58C5119D-50A4-4B9B-9EAD-D16BD97B08C8}.Debug|Win32.Build.0 = Debug|Win32
		{58C5119D-50A4-4B9B-9EAD-D16BD97B08C8}.Release|Win32.ActiveCfg = Release|Win32
		{58C5119D-50A4-4B9B-9EAD-D16BD97B08C8}.Release|Win32.Build.0 = Release|Win32
		{C4BFA40A-6311-4899-B48E-F17C1769ED0A}.Debug|Win32.ActiveCfg = Debug|Win32
		{C4BFA40A-6311-4899-B48E-F17C1769ED0A}.Debug|Win32.Build.0 = Debug|Win32
		{C4BFA40A-6311-4899-B48E-F17C1769ED0A}.Release|Win32.ActiveCfg = Release|Win32
		{C4BFA40A-6311-4899-B48E-F17C1769ED0A}.Release|Win32.Build.0 = Release|Win32
		{8A51EAF8-C292-4F49-8180-C20CA552B98D}.Debug|Win32.ActiveCfg = Debug|Win32
		{8A51EAF8-C292-4F49-8180-C20CA552B98D}.Debug|Win32.Build.0 = Debug|Win32
		{8A51EAF8-C292-4F49-8180-C20CA552B98D}.Release|Win32.ActiveCfg = Release|Win32
		{8A51EAF8-C292-4F49-8180-C20CA552B98D}.Release|Win32.Build.0 = Release|Win32
		{55C1B4C4-4188-4694-B441-A7BB73435897}.Debug|Win32.ActiveCfg = Debug|Win32
		{55C1B4C4-4188-4694-B441-A7BB73435897}.Debug|Win32.Build.0 = Debug|Win32
		{55C1B4C4-4188-4694-B441-A7BB73435897}.Release|Win32.ActiveCfg = Release|Win32
		{55C1B4C4-4188-4694-B441-A7BB73435897}.Release|Win32.Build.0 = Release|Win32
		{C73A8AA8-0AF2-4478-AA3A-84F1D2F054B4}.Debug|Win32.ActiveCfg = Debug|Win32
		{C73A8AA8-0AF2-4478-AA3A-84F1D2F054B4}.Debug|Win32.Build.0 = Debug|Win32
		{C73A8AA8-0AF2-4478-AA3A-84F1D2F054B4}.Release|Win32.ActiveCfg = Release|Win32
		{C73A8AA8-0AF2-4478-AA3A-84F1D2F054B4}.Release|Win32.Build.0 = Release|Win32
		{0527083D-B335-443C-9502-CB876BAC95A1}.Debug|Win32.ActiveCfg = Debug|Win32
		{0527083D-B335-443C-9502-CB876BAC95A1}.Debug|Win32.Build.0 = Debug|Win32
		{0527083D-B335-443C-9502-CB876BAC95A1}.Release|Win32.ActiveCfg = Release|Win32
		{0527083D-B335-443C-9502-CB876BAC95A1}.Release|Win32.Build.0 = Release|Win32
		{F3C74FDC-A5BF-4F05-90D8-CB07C1182327}.Debug|Win32.ActiveCfg = Debug|Win32
		{F3C74FDC-A5BF-4F05-90D8-CB07C1182327}.Debug|Win32.Build.0 = Debug|Win32
		{F3C74FDC-A5BF-4F05-90D8-CB07C1182327}.Release|Win32.ActiveCfg = Release|Win32
		{F3C74FDC-A5BF-4F05-90D8-CB07C1182327}.Release|Win32.Build.0 = Release|Win32
		{5AB5F301-21B3-4774-A560-43EDCB23094D}.Debug|Win32.ActiveCfg = Debug|Win32
		{5AB5F301-21B3-4774-A560-43EDCB23094D}.Debug|Win32.Build.0 = Debug|Win32
		{5AB5F301-21B3-4774-A560-43EDCB23094D}.Release|Win32.ActiveCfg = Release|Win32
		{5AB5F301-21B3-4774-A560-43EDCB23094D}.Release|Win32.Build.0 = Release|Win32
		{1A51EAF8-C292-4F49-8180-C20CA552B98D}.Debug|Win32.ActiveCfg = Debug|Win32
		{1A51EAF8-C292-4F49-8180-C20CA552B98D}.Debug|Win32.Build.0 = Debug|Win32
		{1A51EAF8-C292-4F49-8180-C20CA552B98D}.Release|Win32.ActiveCfg = Release|Win32
		{1A51EAF8-C292-4F49-8180-C20CA552B98D}.Release|Win32.Build.0 = Release|Win32
		{8D7BD054-0D59-472D-9C9A-60FEA1351893}.Debug|Win32.ActiveCfg = Debug|Win32
		{8D7BD054-0D59-472D-9C9A-60FEA1351893}.Debug|Win32.Build.0 = Debug|Win32
		{8D7BD054-0D59-472D-9C9A-60FEA1351893}.Release|Win32.ActiveCfg = Release|Win32
		{8D7BD054-0D59-472D-9C9A-60FEA1351893}.Release|Win32.Build.0 = Release|Win32
		{CFCA6C86-B5B9-465A-9F32-72C42F37134D}.Debug|Win32.ActiveCfg = Debug|Win32
		{CFCA6C86-B5B9-465A-9F32-72C42F37134D}.Debug|Win32.Build.0 = Debug|Win32
		{CFCA6C86-B5B9-465A-9F32-72C42F37134D}.Release|Win32.ActiveCfg = Release|Win32
		{CFCA6C86-B5B9-465A-9F32-72C42F37134D}.Release|Win32.Build.0 = Release|Win32
		{EB404908-0A20-4D1D-8ECB-C3028E1B0599}.Debug|Win32.ActiveCfg = Debug|Win32
		{EB404908-0A20-4D1D-8ECB-C3028E1B0599}.Debug|Win32.Build.0 = Debug|Win32
		{EB404908-0A20-4D1D-8ECB-C3028E1B0599}.Release|Win32.ActiveCfg = Release|Win32
		{EB404908-0A20-4D1D-8ECB-C3028E1B0599}.Release|Win32.Build.0 = Release|Win32
		{61100955-376C-431B-88D0-0EF3744451F1}.Debug|Win32.ActiveCfg = Debug|Win32
		{61100955-376C-431B-88D0-0EF3744451F1}.Debug|Win32.Build.0 = Debug|Win32
		{61100955-376C-431B-88D0-0EF3744451F1}.Release|Win32.ActiveCfg = Release|Win32
		{61100955-376C-431B-88D0-0EF3744451F1}.Release|Win32.Build.0 = Release|Win32
		{5BC2FD27-9867-4BB5-A974-AD617F6DE4BA}.Debug|Win32.ActiveCfg = Debug|Win32
		{5BC2FD27-9867-4BB5-A974-AD617F6DE4BA}.Debug|Win32.Build.0 = Debug|Win32
		{5BC2FD27-9867-4BB5-A974-AD617F6DE4BA}.Release|Win32.ActiveCfg = Release|Win32
		{5BC2FD27-9867-4BB5-A974-AD617F6DE4BA}.Release|Win32.Build.0 = Release|Win32
		{3F367432-3C18-45E4-90ED-21249540C406}.Debug|Win32.ActiveCfg = Debug|Win32
		{3F367432-3C18-45E4-90ED-21249540C406}.Debug|Win32.Build.0 = Debug|Win32
		{3F367432-3C18-45E4-90ED-21249540C406}.Release|Win32.ActiveCfg = Release|Win32
		{3F367432-3C18-45E4-90ED-21249540C406}.Release|Win32.Build.0 = Release|Win32
		{E04D07EA-649A-4F98-A49E-3263D461A0C4}.Debug|Win32.ActiveCfg = Debug|Win32
		{E04D07EA-649A-4F98-A49E-3263D461A0C4}.Debug|Win32.Build.0 = Debug|Win32
		{E04D07EA-649A-4F98-A49E-3263D461A0C4}.Release|Win32.ActiveCfg = Release|Win32
		{E04D07EA-649A-4F98-A49E-3263D461A0C4}.Release|Win32.Build.0 = Release|Win32
		{28E239F6-0A11-4987-823A-09AC90162AF8}.Debug|Win32.ActiveCfg = Debug|Win32
		{28E239F6-0A11-4987-823A-09AC90162AF8}.Debug|Win32.Build.0 = Debug|Win32
		{28E239F6-0A11-4987-823A-09AC90162AF8}.Release|Win32.ActiveCfg = Release|Win32
		{28E239F6-0A11-4987-823A-09AC90162AF8}.Release|Win32.Build.0 = Release|Win32
		{FA3A031D-3978-4ACA-99B9-8A550B26E15F}.Debug|Win32.ActiveCfg = Debug|Win32
		{FA3A031D-3978-4ACA-99B9-8A550B26E15F}.Debug|Win32.Build.0 = Debug|Win32
		{FA3A031D-3978-4ACA-99B9-8A550B26E15F}.Release|Win32.ActiveCfg = Release|Win32
		{FA3A031D-3978-4ACA-99B9-8A550B26E15F}.Release|Win32.Build.0 = Release|Win32
		{4C11DDA7-0A4D-4DF2-A645-83D9A981F411}.Debug|Win32.ActiveCfg = Debug|Win32
		{4C11DDA7-0A4D-4DF2-A645-83D9A981F411}.Debug|Win32.Build.0 = Debug|Win32
		{4C11DDA7-0A4D-4DF2-A645-83D9A981F411}.Release|Win32.ActiveCfg = Release|Win32
		{4C11DDA7-0A4D-4DF2-A645-83D9A981F411}.Release|Win32.Build.0 = Release|Win32
		{72FC5573-E850-40FE-823B-4039BB1F78D0}.Debug|Win32.ActiveCfg = Debug|Win32
		{72FC5573-E850-40FE-823B-4039BB1F78D0}.Debug|Win32.Build.0 = Debug|Win32
		{72FC5573-E850-40FE-823B-4039BB1F78D0}.Release|Win32.ActiveCfg = Release|Win32
		{72FC5573-E850-40FE-823B-4039BB1F78D0}.Release|Win32.Build.0 = Release|Win32
	EndGlobalSection
	GlobalSection(SolutionProperties) = preSolution
		HideSolutionNode = FALSE
	EndGlobalSection
EndGlobal
